
Microsoft Visual Studio Solution File, Format Version 12.00
# Visual Studio 15
VisualStudioVersion = 15.0.28010.2036
MinimumVisualStudioVersion = 10.0.40219.1
Project("{8BC9CEB8-8B4A-11D0-8D11-00A0C91BC942}") = "Simulation.Contracts", "Simulation.Contracts\Simulation.Contracts.vcxproj", "{825B8F72-1E9C-4123-BA86-51F8415152A6}"
EndProject
Project("{8BC9CEB8-8B4A-11D0-8D11-00A0C91BC942}") = "Simulation.Core", "Simulation\Simulation.vcxproj", "{A1A0A21D-F1DB-49CB-B9E8-3278E09473CB}"
EndProject
Project("{8BC9CEB8-8B4A-11D0-8D11-00A0C91BC942}") = "SatelliteSimulator", "SatteliteSimulator\SatteliteSimulator.vcxproj", "{46E93123-7FE4-4764-B9AF-363A1CD397E2}"
EndProject
Project("{8BC9CEB8-8B4A-11D0-8D11-00A0C91BC942}") = "Controller.Contracts", "Controller.Contracts\Controller.Contracts.vcxproj", "{9CF359C7-B19D-4696-8AB9-BE8CC6789EA4}"
EndProject
Project("{8BC9CEB8-8B4A-11D0-8D11-00A0C91BC942}") = "Controller", "Controller\Controller.vcxproj", "{B65915F1-27F4-481B-B284-B96BA80D99F6}"
EndProject
Project("{8BC9CEB8-8B4A-11D0-8D11-00A0C91BC942}") = "Entry", "Entry\Entry.vcxproj", "{8A117EE9-2C17-42E1-9453-C545B515092E}"
EndProject
Global
	GlobalSection(SolutionConfigurationPlatforms) = preSolution
		Debug|ARM = Debug|ARM
		Debug|ARM64 = Debug|ARM64
		Debug|x64 = Debug|x64
		Debug|x86 = Debug|x86
		Release|ARM = Release|ARM
		Release|ARM64 = Release|ARM64
		Release|x64 = Release|x64
		Release|x86 = Release|x86
	EndGlobalSection
	GlobalSection(ProjectConfigurationPlatforms) = postSolution
		{825B8F72-1E9C-4123-BA86-51F8415152A6}.Debug|ARM.ActiveCfg = Debug|Win32
		{825B8F72-1E9C-4123-BA86-51F8415152A6}.Debug|ARM64.ActiveCfg = Debug|Win32
		{825B8F72-1E9C-4123-BA86-51F8415152A6}.Debug|x64.ActiveCfg = Debug|x64
		{825B8F72-1E9C-4123-BA86-51F8415152A6}.Debug|x64.Build.0 = Debug|x64
		{825B8F72-1E9C-4123-BA86-51F8415152A6}.Debug|x86.ActiveCfg = Debug|Win32
		{825B8F72-1E9C-4123-BA86-51F8415152A6}.Debug|x86.Build.0 = Debug|Win32
		{825B8F72-1E9C-4123-BA86-51F8415152A6}.Release|ARM.ActiveCfg = Release|Win32
		{825B8F72-1E9C-4123-BA86-51F8415152A6}.Release|ARM64.ActiveCfg = Release|Win32
		{825B8F72-1E9C-4123-BA86-51F8415152A6}.Release|x64.ActiveCfg = Release|x64
		{825B8F72-1E9C-4123-BA86-51F8415152A6}.Release|x64.Build.0 = Release|x64
		{825B8F72-1E9C-4123-BA86-51F8415152A6}.Release|x86.ActiveCfg = Release|Win32
		{825B8F72-1E9C-4123-BA86-51F8415152A6}.Release|x86.Build.0 = Release|Win32
		{A1A0A21D-F1DB-49CB-B9E8-3278E09473CB}.Debug|ARM.ActiveCfg = Debug|Win32
		{A1A0A21D-F1DB-49CB-B9E8-3278E09473CB}.Debug|ARM64.ActiveCfg = Debug|Win32
		{A1A0A21D-F1DB-49CB-B9E8-3278E09473CB}.Debug|x64.ActiveCfg = Debug|x64
		{A1A0A21D-F1DB-49CB-B9E8-3278E09473CB}.Debug|x64.Build.0 = Debug|x64
		{A1A0A21D-F1DB-49CB-B9E8-3278E09473CB}.Debug|x86.ActiveCfg = Debug|Win32
		{A1A0A21D-F1DB-49CB-B9E8-3278E09473CB}.Debug|x86.Build.0 = Debug|Win32
		{A1A0A21D-F1DB-49CB-B9E8-3278E09473CB}.Release|ARM.ActiveCfg = Release|Win32
		{A1A0A21D-F1DB-49CB-B9E8-3278E09473CB}.Release|ARM64.ActiveCfg = Release|Win32
		{A1A0A21D-F1DB-49CB-B9E8-3278E09473CB}.Release|x64.ActiveCfg = Release|x64
		{A1A0A21D-F1DB-49CB-B9E8-3278E09473CB}.Release|x64.Build.0 = Release|x64
		{A1A0A21D-F1DB-49CB-B9E8-3278E09473CB}.Release|x86.ActiveCfg = Release|Win32
		{A1A0A21D-F1DB-49CB-B9E8-3278E09473CB}.Release|x86.Build.0 = Release|Win32
		{46E93123-7FE4-4764-B9AF-363A1CD397E2}.Debug|ARM.ActiveCfg = Debug|Win32
		{46E93123-7FE4-4764-B9AF-363A1CD397E2}.Debug|ARM64.ActiveCfg = Debug|Win32
		{46E93123-7FE4-4764-B9AF-363A1CD397E2}.Debug|x64.ActiveCfg = Debug|x64
		{46E93123-7FE4-4764-B9AF-363A1CD397E2}.Debug|x64.Build.0 = Debug|x64
		{46E93123-7FE4-4764-B9AF-363A1CD397E2}.Debug|x86.ActiveCfg = Debug|Win32
		{46E93123-7FE4-4764-B9AF-363A1CD397E2}.Debug|x86.Build.0 = Debug|Win32
		{46E93123-7FE4-4764-B9AF-363A1CD397E2}.Release|ARM.ActiveCfg = Release|Win32
		{46E93123-7FE4-4764-B9AF-363A1CD397E2}.Release|ARM64.ActiveCfg = Release|Win32
		{46E93123-7FE4-4764-B9AF-363A1CD397E2}.Release|x64.ActiveCfg = Release|x64
		{46E93123-7FE4-4764-B9AF-363A1CD397E2}.Release|x64.Build.0 = Release|x64
		{46E93123-7FE4-4764-B9AF-363A1CD397E2}.Release|x86.ActiveCfg = Release|Win32
		{46E93123-7FE4-4764-B9AF-363A1CD397E2}.Release|x86.Build.0 = Release|Win32
		{9CF359C7-B19D-4696-8AB9-BE8CC6789EA4}.Debug|ARM.ActiveCfg = Debug|Win32
		{9CF359C7-B19D-4696-8AB9-BE8CC6789EA4}.Debug|ARM64.ActiveCfg = Debug|Win32
		{9CF359C7-B19D-4696-8AB9-BE8CC6789EA4}.Debug|x64.ActiveCfg = Debug|x64
		{9CF359C7-B19D-4696-8AB9-BE8CC6789EA4}.Debug|x64.Build.0 = Debug|x64
		{9CF359C7-B19D-4696-8AB9-BE8CC6789EA4}.Debug|x86.ActiveCfg = Debug|Win32
		{9CF359C7-B19D-4696-8AB9-BE8CC6789EA4}.Debug|x86.Build.0 = Debug|Win32
		{9CF359C7-B19D-4696-8AB9-BE8CC6789EA4}.Release|ARM.ActiveCfg = Release|Win32
		{9CF359C7-B19D-4696-8AB9-BE8CC6789EA4}.Release|ARM64.ActiveCfg = Release|Win32
		{9CF359C7-B19D-4696-8AB9-BE8CC6789EA4}.Release|x64.ActiveCfg = Release|x64
		{9CF359C7-B19D-4696-8AB9-BE8CC6789EA4}.Release|x64.Build.0 = Release|x64
		{9CF359C7-B19D-4696-8AB9-BE8CC6789EA4}.Release|x86.ActiveCfg = Release|Win32
		{9CF359C7-B19D-4696-8AB9-BE8CC6789EA4}.Release|x86.Build.0 = Release|Win32
		{B65915F1-27F4-481B-B284-B96BA80D99F6}.Debug|ARM.ActiveCfg = Debug|Win32
		{B65915F1-27F4-481B-B284-B96BA80D99F6}.Debug|ARM64.ActiveCfg = Debug|Win32
		{B65915F1-27F4-481B-B284-B96BA80D99F6}.Debug|x64.ActiveCfg = Debug|x64
		{B65915F1-27F4-481B-B284-B96BA80D99F6}.Debug|x64.Build.0 = Debug|x64
		{B65915F1-27F4-481B-B284-B96BA80D99F6}.Debug|x86.ActiveCfg = Debug|Win32
		{B65915F1-27F4-481B-B284-B96BA80D99F6}.Debug|x86.Build.0 = Debug|Win32
		{B65915F1-27F4-481B-B284-B96BA80D99F6}.Release|ARM.ActiveCfg = Release|Win32
		{B65915F1-27F4-481B-B284-B96BA80D99F6}.Release|ARM64.ActiveCfg = Release|Win32
		{B65915F1-27F4-481B-B284-B96BA80D99F6}.Release|x64.ActiveCfg = Release|x64
		{B65915F1-27F4-481B-B284-B96BA80D99F6}.Release|x64.Build.0 = Release|x64
		{B65915F1-27F4-481B-B284-B96BA80D99F6}.Release|x86.ActiveCfg = Release|Win32
		{B65915F1-27F4-481B-B284-B96BA80D99F6}.Release|x86.Build.0 = Release|Win32
		{8A117EE9-2C17-42E1-9453-C545B515092E}.Debug|ARM.ActiveCfg = Debug|Win32
		{8A117EE9-2C17-42E1-9453-C545B515092E}.Debug|ARM64.ActiveCfg = Debug|Win32
		{8A117EE9-2C17-42E1-9453-C545B515092E}.Debug|x64.ActiveCfg = Debug|x64
		{8A117EE9-2C17-42E1-9453-C545B515092E}.Debug|x64.Build.0 = Debug|x64
		{8A117EE9-2C17-42E1-9453-C545B515092E}.Debug|x86.ActiveCfg = Debug|Win32
		{8A117EE9-2C17-42E1-9453-C545B515092E}.Debug|x86.Build.0 = Debug|Win32
		{8A117EE9-2C17-42E1-9453-C545B515092E}.Release|ARM.ActiveCfg = Release|Win32
		{8A117EE9-2C17-42E1-9453-C545B515092E}.Release|ARM64.ActiveCfg = Release|Win32
		{8A117EE9-2C17-42E1-9453-C545B515092E}.Release|x64.ActiveCfg = Release|x64
		{8A117EE9-2C17-42E1-9453-C545B515092E}.Release|x64.Build.0 = Release|x64
		{8A117EE9-2C17-42E1-9453-C545B515092E}.Release|x86.ActiveCfg = Release|Win32
		{8A117EE9-2C17-42E1-9453-C545B515092E}.Release|x86.Build.0 = Release|Win32
	EndGlobalSection
	GlobalSection(SolutionProperties) = preSolution
		HideSolutionNode = FALSE
	EndGlobalSection
	GlobalSection(ExtensibilityGlobals) = postSolution
		SolutionGuid = {EF84FD4D-6821-4488-AF70-D1C8FD789CF3}
	EndGlobalSection
EndGlobal
